
Microsoft Visual Studio Solution File, Format Version 12.00
# Visual Studio 15
VisualStudioVersion = 15.0.28307.271
MinimumVisualStudioVersion = 10.0.40219.1
Project("{8BC9CEB8-8B4A-11D0-8D11-00A0C91BC942}") = "MinimalPlumbing", "MinimalPlumbing\MinimalPlumbing.vcxproj", "{2F49A898-0E1F-4466-9DD7-D883956CF89C}"
EndProject
Global
	GlobalSection(SolutionConfigurationPlatforms) = preSolution
		Debug|x64 = Debug|x64
		Debug|x86 = Debug|x86
		Release|x64 = Release|x64
		Release|x86 = Release|x86
	EndGlobalSection
	GlobalSection(ProjectConfigurationPlatforms) = postSolution
		{2F49A898-0E1F-4466-9DD7-D883956CF89C}.Debug|x64.ActiveCfg = Debug|x64
		{2F49A898-0E1F-4466-9DD7-D883956CF89C}.Debug|x64.Build.0 = Debug|x64
		{2F49A898-0E1F-4466-9DD7-D883956CF89C}.Debug|x86.ActiveCfg = Debug|Win32
		{2F49A898-0E1F-4466-9DD7-D883956CF89C}.Debug|x86.Build.0 = Debug|Win32
		{2F49A898-0E1F-4466-9DD7-D883956CF89C}.Release|x64.ActiveCfg = Release|x64
		{2F49A898-0E1F-4466-9DD7-D883956CF89C}.Release|x64.Build.0 = Release|x64
		{2F49A898-0E1F-4466-9DD7-D883956CF89C}.Release|x86.ActiveCfg = Release|Win32
		{2F49A898-0E1F-4466-9DD7-D883956CF89C}.Release|x86.Build.0 = Release|Win32
	EndGlobalSection
	GlobalSection(SolutionProperties) = preSolution
		HideSolutionNode = FALSE
	EndGlobalSection
	GlobalSection(ExtensibilityGlobals) = postSolution
		SolutionGuid = {2925E59F-8403-4080-A2DC-49433F543721}
	EndGlobalSection
EndGlobal
